
Microsoft Visual Studio Solution File, Format Version 12.00
# Visual Studio Version 17
VisualStudioVersion = 17.3.32929.385
MinimumVisualStudioVersion = 10.0.40219.1
Project("{9A19103F-16F7-4668-BE54-9A1E7A4F7556}") = "WPFonCSharpCalculate", "WPFonCSharp\WPFonCSharpCalculate.csproj", "{2FCDCFDC-00EE-4047-BCBA-7C0C89ED3620}"
EndProject
Project("{9A19103F-16F7-4668-BE54-9A1E7A4F7556}") = "WpfLesson_9_Testing_elements", "WpfLesson_9_Testing_elements\WpfLesson_9_Testing_elements.csproj", "{F6A109E8-6DA4-4661-96E3-2BD697A21237}"
EndProject
Project("{9A19103F-16F7-4668-BE54-9A1E7A4F7556}") = "TextEditor", "TextEditor\TextEditor.csproj", "{C1963055-9608-4BE6-9247-D41E9B94C71B}"
EndProject
Project("{FAE04EC0-301F-11D3-BF4B-00C04F79EFBC}") = "WPFkeyboard_trainer_HW", "WPFkeyboard_trainer_HW\WPFkeyboard_trainer_HW.csproj", "{A9430E51-7530-4C65-BBB4-3B328E04E2C0}"
EndProject
Global
	GlobalSection(SolutionConfigurationPlatforms) = preSolution
		Debug|Any CPU = Debug|Any CPU
		Release|Any CPU = Release|Any CPU
	EndGlobalSection
	GlobalSection(ProjectConfigurationPlatforms) = postSolution
		{2FCDCFDC-00EE-4047-BCBA-7C0C89ED3620}.Debug|Any CPU.ActiveCfg = Debug|Any CPU
		{2FCDCFDC-00EE-4047-BCBA-7C0C89ED3620}.Debug|Any CPU.Build.0 = Debug|Any CPU
		{2FCDCFDC-00EE-4047-BCBA-7C0C89ED3620}.Release|Any CPU.ActiveCfg = Release|Any CPU
		{2FCDCFDC-00EE-4047-BCBA-7C0C89ED3620}.Release|Any CPU.Build.0 = Release|Any CPU
		{F6A109E8-6DA4-4661-96E3-2BD697A21237}.Debug|Any CPU.ActiveCfg = Debug|Any CPU
		{F6A109E8-6DA4-4661-96E3-2BD697A21237}.Debug|Any CPU.Build.0 = Debug|Any CPU
		{F6A109E8-6DA4-4661-96E3-2BD697A21237}.Release|Any CPU.ActiveCfg = Release|Any CPU
		{F6A109E8-6DA4-4661-96E3-2BD697A21237}.Release|Any CPU.Build.0 = Release|Any CPU
		{C1963055-9608-4BE6-9247-D41E9B94C71B}.Debug|Any CPU.ActiveCfg = Debug|Any CPU
		{C1963055-9608-4BE6-9247-D41E9B94C71B}.Debug|Any CPU.Build.0 = Debug|Any CPU
		{C1963055-9608-4BE6-9247-D41E9B94C71B}.Release|Any CPU.ActiveCfg = Release|Any CPU
		{C1963055-9608-4BE6-9247-D41E9B94C71B}.Release|Any CPU.Build.0 = Release|Any CPU
		{A9430E51-7530-4C65-BBB4-3B328E04E2C0}.Debug|Any CPU.ActiveCfg = Debug|Any CPU
		{A9430E51-7530-4C65-BBB4-3B328E04E2C0}.Debug|Any CPU.Build.0 = Debug|Any CPU
		{A9430E51-7530-4C65-BBB4-3B328E04E2C0}.Release|Any CPU.ActiveCfg = Release|Any CPU
		{A9430E51-7530-4C65-BBB4-3B328E04E2C0}.Release|Any CPU.Build.0 = Release|Any CPU
	EndGlobalSection
	GlobalSection(SolutionProperties) = preSolution
		HideSolutionNode = FALSE
	EndGlobalSection
	GlobalSection(ExtensibilityGlobals) = postSolution
		SolutionGuid = {6F7732F2-BFFD-4AEA-9FFA-5480CC0D151B}
	EndGlobalSection
EndGlobal
